// !$*UTF8*$!
{
	archiveVersion = 1;
	classes = {
	};
	objectVersion = 50;
	objects = {

/* Begin PBXBuildFile section */
		F45C0C4C257A2B69003D66B9 /* QuizLoader.swift in Sources */ = {isa = PBXBuildFile; fileRef = F45C0C4B257A2B69003D66B9 /* QuizLoader.swift */; };
		F46179DB257422B3002DF623 /* QuestionView.swift in Sources */ = {isa = PBXBuildFile; fileRef = F46179DA257422B3002DF623 /* QuestionView.swift */; };
		F4FE4AEC2573AB5C00E97C92 /* AppDelegate.swift in Sources */ = {isa = PBXBuildFile; fileRef = F4FE4AEB2573AB5C00E97C92 /* AppDelegate.swift */; };
		F4FE4AEE2573AB5C00E97C92 /* QuizmasterSceneDelegate.swift in Sources */ = {isa = PBXBuildFile; fileRef = F4FE4AED2573AB5C00E97C92 /* QuizmasterSceneDelegate.swift */; };
		F4FE4AF02573AB5C00E97C92 /* QuizmasterView.swift in Sources */ = {isa = PBXBuildFile; fileRef = F4FE4AEF2573AB5C00E97C92 /* QuizmasterView.swift */; };
		F4FE4AF22573AB5D00E97C92 /* Assets.xcassets in Resources */ = {isa = PBXBuildFile; fileRef = F4FE4AF12573AB5D00E97C92 /* Assets.xcassets */; };
		F4FE4AF52573AB5D00E97C92 /* Preview Assets.xcassets in Resources */ = {isa = PBXBuildFile; fileRef = F4FE4AF42573AB5D00E97C92 /* Preview Assets.xcassets */; };
		F4FE4AF82573AB5D00E97C92 /* LaunchScreen.storyboard in Resources */ = {isa = PBXBuildFile; fileRef = F4FE4AF62573AB5D00E97C92 /* LaunchScreen.storyboard */; };
		F4FE4B032573AB5D00E97C92 /* Guardian_QuizTests.swift in Sources */ = {isa = PBXBuildFile; fileRef = F4FE4B022573AB5D00E97C92 /* Guardian_QuizTests.swift */; };
		F4FE4B0E2573AB5D00E97C92 /* Guardian_QuizUITests.swift in Sources */ = {isa = PBXBuildFile; fileRef = F4FE4B0D2573AB5D00E97C92 /* Guardian_QuizUITests.swift */; };
		F4FE4B252573ABDE00E97C92 /* PlayerView.swift in Sources */ = {isa = PBXBuildFile; fileRef = F4FE4B242573ABDE00E97C92 /* PlayerView.swift */; };
		F4FE4B2A2573AC2200E97C92 /* PlayerSceneDelegate.swift in Sources */ = {isa = PBXBuildFile; fileRef = F4FE4B292573AC2200E97C92 /* PlayerSceneDelegate.swift */; };
		F4FE4B2F2573AC5700E97C92 /* SharedState.swift in Sources */ = {isa = PBXBuildFile; fileRef = F4FE4B2E2573AC5700E97C92 /* SharedState.swift */; };
		F4FE4B372573AEE400E97C92 /* quiz.json in Resources */ = {isa = PBXBuildFile; fileRef = F4FE4B362573AEE400E97C92 /* quiz.json */; };
		F4FE4B3C2573AEFC00E97C92 /* Quiz.swift in Sources */ = {isa = PBXBuildFile; fileRef = F4FE4B3B2573AEFC00E97C92 /* Quiz.swift */; };
		F4FE4B412573D74E00E97C92 /* QuizTests.swift in Sources */ = {isa = PBXBuildFile; fileRef = F4FE4B402573D74E00E97C92 /* QuizTests.swift */; };
		F4FE4B482573D81700E97C92 /* Quiz.swift in Sources */ = {isa = PBXBuildFile; fileRef = F4FE4B3B2573AEFC00E97C92 /* Quiz.swift */; };
/* End PBXBuildFile section */

/* Begin PBXContainerItemProxy section */
		F4FE4AFF2573AB5D00E97C92 /* PBXContainerItemProxy */ = {
			isa = PBXContainerItemProxy;
			containerPortal = F4FE4AE02573AB5C00E97C92 /* Project object */;
			proxyType = 1;
			remoteGlobalIDString = F4FE4AE72573AB5C00E97C92;
			remoteInfo = "Guardian Quiz";
		};
		F4FE4B0A2573AB5D00E97C92 /* PBXContainerItemProxy */ = {
			isa = PBXContainerItemProxy;
			containerPortal = F4FE4AE02573AB5C00E97C92 /* Project object */;
			proxyType = 1;
			remoteGlobalIDString = F4FE4AE72573AB5C00E97C92;
			remoteInfo = "Guardian Quiz";
		};
/* End PBXContainerItemProxy section */

/* Begin PBXFileReference section */
		F45C0C4B257A2B69003D66B9 /* QuizLoader.swift */ = {isa = PBXFileReference; lastKnownFileType = sourcecode.swift; path = QuizLoader.swift; sourceTree = "<group>"; };
		F46179DA257422B3002DF623 /* QuestionView.swift */ = {isa = PBXFileReference; lastKnownFileType = sourcecode.swift; path = QuestionView.swift; sourceTree = "<group>"; };
		F4FE4AE82573AB5C00E97C92 /* Guardian Quiz.app */ = {isa = PBXFileReference; explicitFileType = wrapper.application; includeInIndex = 0; path = "Guardian Quiz.app"; sourceTree = BUILT_PRODUCTS_DIR; };
		F4FE4AEB2573AB5C00E97C92 /* AppDelegate.swift */ = {isa = PBXFileReference; lastKnownFileType = sourcecode.swift; path = AppDelegate.swift; sourceTree = "<group>"; };
		F4FE4AED2573AB5C00E97C92 /* QuizmasterSceneDelegate.swift */ = {isa = PBXFileReference; lastKnownFileType = sourcecode.swift; path = QuizmasterSceneDelegate.swift; sourceTree = "<group>"; };
		F4FE4AEF2573AB5C00E97C92 /* QuizmasterView.swift */ = {isa = PBXFileReference; lastKnownFileType = sourcecode.swift; path = QuizmasterView.swift; sourceTree = "<group>"; };
		F4FE4AF12573AB5D00E97C92 /* Assets.xcassets */ = {isa = PBXFileReference; lastKnownFileType = folder.assetcatalog; path = Assets.xcassets; sourceTree = "<group>"; };
		F4FE4AF42573AB5D00E97C92 /* Preview Assets.xcassets */ = {isa = PBXFileReference; lastKnownFileType = folder.assetcatalog; path = "Preview Assets.xcassets"; sourceTree = "<group>"; };
		F4FE4AF72573AB5D00E97C92 /* Base */ = {isa = PBXFileReference; lastKnownFileType = file.storyboard; name = Base; path = Base.lproj/LaunchScreen.storyboard; sourceTree = "<group>"; };
		F4FE4AF92573AB5D00E97C92 /* Info.plist */ = {isa = PBXFileReference; lastKnownFileType = text.plist.xml; path = Info.plist; sourceTree = "<group>"; };
		F4FE4AFE2573AB5D00E97C92 /* Guardian QuizTests.xctest */ = {isa = PBXFileReference; explicitFileType = wrapper.cfbundle; includeInIndex = 0; path = "Guardian QuizTests.xctest"; sourceTree = BUILT_PRODUCTS_DIR; };
		F4FE4B022573AB5D00E97C92 /* Guardian_QuizTests.swift */ = {isa = PBXFileReference; lastKnownFileType = sourcecode.swift; path = Guardian_QuizTests.swift; sourceTree = "<group>"; };
		F4FE4B042573AB5D00E97C92 /* Info.plist */ = {isa = PBXFileReference; lastKnownFileType = text.plist.xml; path = Info.plist; sourceTree = "<group>"; };
		F4FE4B092573AB5D00E97C92 /* Guardian QuizUITests.xctest */ = {isa = PBXFileReference; explicitFileType = wrapper.cfbundle; includeInIndex = 0; path = "Guardian QuizUITests.xctest"; sourceTree = BUILT_PRODUCTS_DIR; };
		F4FE4B0D2573AB5D00E97C92 /* Guardian_QuizUITests.swift */ = {isa = PBXFileReference; lastKnownFileType = sourcecode.swift; path = Guardian_QuizUITests.swift; sourceTree = "<group>"; };
		F4FE4B0F2573AB5D00E97C92 /* Info.plist */ = {isa = PBXFileReference; lastKnownFileType = text.plist.xml; path = Info.plist; sourceTree = "<group>"; };
		F4FE4B242573ABDE00E97C92 /* PlayerView.swift */ = {isa = PBXFileReference; lastKnownFileType = sourcecode.swift; path = PlayerView.swift; sourceTree = "<group>"; };
		F4FE4B292573AC2200E97C92 /* PlayerSceneDelegate.swift */ = {isa = PBXFileReference; lastKnownFileType = sourcecode.swift; path = PlayerSceneDelegate.swift; sourceTree = "<group>"; };
		F4FE4B2E2573AC5700E97C92 /* SharedState.swift */ = {isa = PBXFileReference; lastKnownFileType = sourcecode.swift; path = SharedState.swift; sourceTree = "<group>"; };
		F4FE4B362573AEE400E97C92 /* quiz.json */ = {isa = PBXFileReference; fileEncoding = 4; lastKnownFileType = text.json; path = quiz.json; sourceTree = "<group>"; };
		F4FE4B3B2573AEFC00E97C92 /* Quiz.swift */ = {isa = PBXFileReference; lastKnownFileType = sourcecode.swift; path = Quiz.swift; sourceTree = "<group>"; };
		F4FE4B402573D74E00E97C92 /* QuizTests.swift */ = {isa = PBXFileReference; lastKnownFileType = sourcecode.swift; path = QuizTests.swift; sourceTree = "<group>"; };
/* End PBXFileReference section */

/* Begin PBXFrameworksBuildPhase section */
		F4FE4AE52573AB5C00E97C92 /* Frameworks */ = {
			isa = PBXFrameworksBuildPhase;
			buildActionMask = 2147483647;
			files = (
			);
			runOnlyForDeploymentPostprocessing = 0;
		};
		F4FE4AFB2573AB5D00E97C92 /* Frameworks */ = {
			isa = PBXFrameworksBuildPhase;
			buildActionMask = 2147483647;
			files = (
			);
			runOnlyForDeploymentPostprocessing = 0;
		};
		F4FE4B062573AB5D00E97C92 /* Frameworks */ = {
			isa = PBXFrameworksBuildPhase;
			buildActionMask = 2147483647;
			files = (
			);
			runOnlyForDeploymentPostprocessing = 0;
		};
/* End PBXFrameworksBuildPhase section */

/* Begin PBXGroup section */
		F406BC1E257ED852005508AE /* Model */ = {
			isa = PBXGroup;
			children = (
				F4FE4B3B2573AEFC00E97C92 /* Quiz.swift */,
				F4FE4B2E2573AC5700E97C92 /* SharedState.swift */,
				F45C0C4B257A2B69003D66B9 /* QuizLoader.swift */,
			);
			path = Model;
			sourceTree = "<group>";
		};
		F406BC25257ED861005508AE /* App Structure */ = {
			isa = PBXGroup;
			children = (
				F4FE4AF62573AB5D00E97C92 /* LaunchScreen.storyboard */,
				F4FE4AEB2573AB5C00E97C92 /* AppDelegate.swift */,
				F4FE4AED2573AB5C00E97C92 /* QuizmasterSceneDelegate.swift */,
				F4FE4B292573AC2200E97C92 /* PlayerSceneDelegate.swift */,
			);
			path = "App Structure";
			sourceTree = "<group>";
		};
		F406BC2C257ED870005508AE /* Views */ = {
			isa = PBXGroup;
			children = (
				F4FE4AEF2573AB5C00E97C92 /* QuizmasterView.swift */,
				F4FE4B242573ABDE00E97C92 /* PlayerView.swift */,
				F46179DA257422B3002DF623 /* QuestionView.swift */,
			);
			path = Views;
			sourceTree = "<group>";
		};
		F406BC30257ED87C005508AE /* Fixtures */ = {
			isa = PBXGroup;
			children = (
				F4FE4B362573AEE400E97C92 /* quiz.json */,
			);
			path = Fixtures;
			sourceTree = "<group>";
		};
		F4FE4ADF2573AB5C00E97C92 = {
			isa = PBXGroup;
			children = (
				F4FE4AEA2573AB5C00E97C92 /* Guardian Quiz */,
				F4FE4B012573AB5D00E97C92 /* Guardian QuizTests */,
				F4FE4B0C2573AB5D00E97C92 /* Guardian QuizUITests */,
				F4FE4AE92573AB5C00E97C92 /* Products */,
			);
			sourceTree = "<group>";
		};
		F4FE4AE92573AB5C00E97C92 /* Products */ = {
			isa = PBXGroup;
			children = (
				F4FE4AE82573AB5C00E97C92 /* Guardian Quiz.app */,
				F4FE4AFE2573AB5D00E97C92 /* Guardian QuizTests.xctest */,
				F4FE4B092573AB5D00E97C92 /* Guardian QuizUITests.xctest */,
			);
			name = Products;
			sourceTree = "<group>";
		};
		F4FE4AEA2573AB5C00E97C92 /* Guardian Quiz */ = {
			isa = PBXGroup;
			children = (
				F406BC1E257ED852005508AE /* Model */,
				F406BC25257ED861005508AE /* App Structure */,
				F406BC2C257ED870005508AE /* Views */,
				F406BC30257ED87C005508AE /* Fixtures */,
				F4FE4AF12573AB5D00E97C92 /* Assets.xcassets */,
				F4FE4AF92573AB5D00E97C92 /* Info.plist */,
				F4FE4AF32573AB5D00E97C92 /* Preview Content */,
			);
			path = "Guardian Quiz";
			sourceTree = "<group>";
		};
		F4FE4AF32573AB5D00E97C92 /* Preview Content */ = {
			isa = PBXGroup;
			children = (
				F4FE4AF42573AB5D00E97C92 /* Preview Assets.xcassets */,
			);
			path = "Preview Content";
			sourceTree = "<group>";
		};
		F4FE4B012573AB5D00E97C92 /* Guardian QuizTests */ = {
			isa = PBXGroup;
			children = (
				F4FE4B022573AB5D00E97C92 /* Guardian_QuizTests.swift */,
				F4FE4B042573AB5D00E97C92 /* Info.plist */,
				F4FE4B402573D74E00E97C92 /* QuizTests.swift */,
			);
			path = "Guardian QuizTests";
			sourceTree = "<group>";
		};
		F4FE4B0C2573AB5D00E97C92 /* Guardian QuizUITests */ = {
			isa = PBXGroup;
			children = (
				F4FE4B0D2573AB5D00E97C92 /* Guardian_QuizUITests.swift */,
				F4FE4B0F2573AB5D00E97C92 /* Info.plist */,
			);
			path = "Guardian QuizUITests";
			sourceTree = "<group>";
		};
/* End PBXGroup section */

/* Begin PBXNativeTarget section */
		F4FE4AE72573AB5C00E97C92 /* Guardian Quiz */ = {
			isa = PBXNativeTarget;
			buildConfigurationList = F4FE4B122573AB5D00E97C92 /* Build configuration list for PBXNativeTarget "Guardian Quiz" */;
			buildPhases = (
				F4FE4AE42573AB5C00E97C92 /* Sources */,
				F4FE4AE52573AB5C00E97C92 /* Frameworks */,
				F4FE4AE62573AB5C00E97C92 /* Resources */,
			);
			buildRules = (
			);
			dependencies = (
			);
			name = "Guardian Quiz";
			productName = "Guardian Quiz";
			productReference = F4FE4AE82573AB5C00E97C92 /* Guardian Quiz.app */;
			productType = "com.apple.product-type.application";
		};
		F4FE4AFD2573AB5D00E97C92 /* Guardian QuizTests */ = {
			isa = PBXNativeTarget;
			buildConfigurationList = F4FE4B152573AB5D00E97C92 /* Build configuration list for PBXNativeTarget "Guardian QuizTests" */;
			buildPhases = (
				F4FE4AFA2573AB5D00E97C92 /* Sources */,
				F4FE4AFB2573AB5D00E97C92 /* Frameworks */,
				F4FE4AFC2573AB5D00E97C92 /* Resources */,
			);
			buildRules = (
			);
			dependencies = (
				F4FE4B002573AB5D00E97C92 /* PBXTargetDependency */,
			);
			name = "Guardian QuizTests";
			productName = "Guardian QuizTests";
			productReference = F4FE4AFE2573AB5D00E97C92 /* Guardian QuizTests.xctest */;
			productType = "com.apple.product-type.bundle.unit-test";
		};
		F4FE4B082573AB5D00E97C92 /* Guardian QuizUITests */ = {
			isa = PBXNativeTarget;
			buildConfigurationList = F4FE4B182573AB5D00E97C92 /* Build configuration list for PBXNativeTarget "Guardian QuizUITests" */;
			buildPhases = (
				F4FE4B052573AB5D00E97C92 /* Sources */,
				F4FE4B062573AB5D00E97C92 /* Frameworks */,
				F4FE4B072573AB5D00E97C92 /* Resources */,
			);
			buildRules = (
			);
			dependencies = (
				F4FE4B0B2573AB5D00E97C92 /* PBXTargetDependency */,
			);
			name = "Guardian QuizUITests";
			productName = "Guardian QuizUITests";
			productReference = F4FE4B092573AB5D00E97C92 /* Guardian QuizUITests.xctest */;
			productType = "com.apple.product-type.bundle.ui-testing";
		};
/* End PBXNativeTarget section */

/* Begin PBXProject section */
		F4FE4AE02573AB5C00E97C92 /* Project object */ = {
			isa = PBXProject;
			attributes = {
				LastSwiftUpdateCheck = 1220;
				LastUpgradeCheck = 1220;
				TargetAttributes = {
					F4FE4AE72573AB5C00E97C92 = {
						CreatedOnToolsVersion = 12.2;
					};
					F4FE4AFD2573AB5D00E97C92 = {
						CreatedOnToolsVersion = 12.2;
						TestTargetID = F4FE4AE72573AB5C00E97C92;
					};
					F4FE4B082573AB5D00E97C92 = {
						CreatedOnToolsVersion = 12.2;
						TestTargetID = F4FE4AE72573AB5C00E97C92;
					};
				};
			};
			buildConfigurationList = F4FE4AE32573AB5C00E97C92 /* Build configuration list for PBXProject "Guardian Quiz" */;
			compatibilityVersion = "Xcode 9.3";
			developmentRegion = en;
			hasScannedForEncodings = 0;
			knownRegions = (
				en,
				Base,
			);
			mainGroup = F4FE4ADF2573AB5C00E97C92;
			productRefGroup = F4FE4AE92573AB5C00E97C92 /* Products */;
			projectDirPath = "";
			projectRoot = "";
			targets = (
				F4FE4AE72573AB5C00E97C92 /* Guardian Quiz */,
				F4FE4AFD2573AB5D00E97C92 /* Guardian QuizTests */,
				F4FE4B082573AB5D00E97C92 /* Guardian QuizUITests */,
			);
		};
/* End PBXProject section */

/* Begin PBXResourcesBuildPhase section */
		F4FE4AE62573AB5C00E97C92 /* Resources */ = {
			isa = PBXResourcesBuildPhase;
			buildActionMask = 2147483647;
			files = (
				F4FE4AF82573AB5D00E97C92 /* LaunchScreen.storyboard in Resources */,
				F4FE4AF52573AB5D00E97C92 /* Preview Assets.xcassets in Resources */,
				F4FE4B372573AEE400E97C92 /* quiz.json in Resources */,
				F4FE4AF22573AB5D00E97C92 /* Assets.xcassets in Resources */,
			);
			runOnlyForDeploymentPostprocessing = 0;
		};
		F4FE4AFC2573AB5D00E97C92 /* Resources */ = {
			isa = PBXResourcesBuildPhase;
			buildActionMask = 2147483647;
			files = (
			);
			runOnlyForDeploymentPostprocessing = 0;
		};
		F4FE4B072573AB5D00E97C92 /* Resources */ = {
			isa = PBXResourcesBuildPhase;
			buildActionMask = 2147483647;
			files = (
			);
			runOnlyForDeploymentPostprocessing = 0;
		};
/* End PBXResourcesBuildPhase section */

/* Begin PBXSourcesBuildPhase section */
		F4FE4AE42573AB5C00E97C92 /* Sources */ = {
			isa = PBXSourcesBuildPhase;
			buildActionMask = 2147483647;
			files = (
				F46179DB257422B3002DF623 /* QuestionView.swift in Sources */,
				F4FE4B2F2573AC5700E97C92 /* SharedState.swift in Sources */,
				F4FE4AEC2573AB5C00E97C92 /* AppDelegate.swift in Sources */,
				F4FE4B3C2573AEFC00E97C92 /* Quiz.swift in Sources */,
				F4FE4B2A2573AC2200E97C92 /* PlayerSceneDelegate.swift in Sources */,
				F4FE4AEE2573AB5C00E97C92 /* QuizmasterSceneDelegate.swift in Sources */,
				F4FE4AF02573AB5C00E97C92 /* QuizmasterView.swift in Sources */,
				F45C0C4C257A2B69003D66B9 /* QuizLoader.swift in Sources */,
				F4FE4B252573ABDE00E97C92 /* PlayerView.swift in Sources */,
			);
			runOnlyForDeploymentPostprocessing = 0;
		};
		F4FE4AFA2573AB5D00E97C92 /* Sources */ = {
			isa = PBXSourcesBuildPhase;
			buildActionMask = 2147483647;
			files = (
				F4FE4B412573D74E00E97C92 /* QuizTests.swift in Sources */,
				F4FE4B032573AB5D00E97C92 /* Guardian_QuizTests.swift in Sources */,
				F4FE4B482573D81700E97C92 /* Quiz.swift in Sources */,
			);
			runOnlyForDeploymentPostprocessing = 0;
		};
		F4FE4B052573AB5D00E97C92 /* Sources */ = {
			isa = PBXSourcesBuildPhase;
			buildActionMask = 2147483647;
			files = (
				F4FE4B0E2573AB5D00E97C92 /* Guardian_QuizUITests.swift in Sources */,
			);
			runOnlyForDeploymentPostprocessing = 0;
		};
/* End PBXSourcesBuildPhase section */

/* Begin PBXTargetDependency section */
		F4FE4B002573AB5D00E97C92 /* PBXTargetDependency */ = {
			isa = PBXTargetDependency;
			target = F4FE4AE72573AB5C00E97C92 /* Guardian Quiz */;
			targetProxy = F4FE4AFF2573AB5D00E97C92 /* PBXContainerItemProxy */;
		};
		F4FE4B0B2573AB5D00E97C92 /* PBXTargetDependency */ = {
			isa = PBXTargetDependency;
			target = F4FE4AE72573AB5C00E97C92 /* Guardian Quiz */;
			targetProxy = F4FE4B0A2573AB5D00E97C92 /* PBXContainerItemProxy */;
		};
/* End PBXTargetDependency section */

/* Begin PBXVariantGroup section */
		F4FE4AF62573AB5D00E97C92 /* LaunchScreen.storyboard */ = {
			isa = PBXVariantGroup;
			children = (
				F4FE4AF72573AB5D00E97C92 /* Base */,
			);
			name = LaunchScreen.storyboard;
			sourceTree = "<group>";
		};
/* End PBXVariantGroup section */

/* Begin XCBuildConfiguration section */
		F4FE4B102573AB5D00E97C92 /* Debug */ = {
			isa = XCBuildConfiguration;
			buildSettings = {
				ALWAYS_SEARCH_USER_PATHS = NO;
				CLANG_ANALYZER_NONNULL = YES;
				CLANG_ANALYZER_NUMBER_OBJECT_CONVERSION = YES_AGGRESSIVE;
				CLANG_CXX_LANGUAGE_STANDARD = "gnu++14";
				CLANG_CXX_LIBRARY = "libc++";
				CLANG_ENABLE_MODULES = YES;
				CLANG_ENABLE_OBJC_ARC = YES;
				CLANG_ENABLE_OBJC_WEAK = YES;
				CLANG_WARN_BLOCK_CAPTURE_AUTORELEASING = YES;
				CLANG_WARN_BOOL_CONVERSION = YES;
				CLANG_WARN_COMMA = YES;
				CLANG_WARN_CONSTANT_CONVERSION = YES;
				CLANG_WARN_DEPRECATED_OBJC_IMPLEMENTATIONS = YES;
				CLANG_WARN_DIRECT_OBJC_ISA_USAGE = YES_ERROR;
				CLANG_WARN_DOCUMENTATION_COMMENTS = YES;
				CLANG_WARN_EMPTY_BODY = YES;
				CLANG_WARN_ENUM_CONVERSION = YES;
				CLANG_WARN_INFINITE_RECURSION = YES;
				CLANG_WARN_INT_CONVERSION = YES;
				CLANG_WARN_NON_LITERAL_NULL_CONVERSION = YES;
				CLANG_WARN_OBJC_IMPLICIT_RETAIN_SELF = YES;
				CLANG_WARN_OBJC_LITERAL_CONVERSION = YES;
				CLANG_WARN_OBJC_ROOT_CLASS = YES_ERROR;
				CLANG_WARN_QUOTED_INCLUDE_IN_FRAMEWORK_HEADER = YES;
				CLANG_WARN_RANGE_LOOP_ANALYSIS = YES;
				CLANG_WARN_STRICT_PROTOTYPES = YES;
				CLANG_WARN_SUSPICIOUS_MOVE = YES;
				CLANG_WARN_UNGUARDED_AVAILABILITY = YES_AGGRESSIVE;
				CLANG_WARN_UNREACHABLE_CODE = YES;
				CLANG_WARN__DUPLICATE_METHOD_MATCH = YES;
				COPY_PHASE_STRIP = NO;
				DEBUG_INFORMATION_FORMAT = dwarf;
				ENABLE_STRICT_OBJC_MSGSEND = YES;
				ENABLE_TESTABILITY = YES;
				GCC_C_LANGUAGE_STANDARD = gnu11;
				GCC_DYNAMIC_NO_PIC = NO;
				GCC_NO_COMMON_BLOCKS = YES;
				GCC_OPTIMIZATION_LEVEL = 0;
				GCC_PREPROCESSOR_DEFINITIONS = (
					"DEBUG=1",
					"$(inherited)",
				);
				GCC_WARN_64_TO_32_BIT_CONVERSION = YES;
				GCC_WARN_ABOUT_RETURN_TYPE = YES_ERROR;
				GCC_WARN_UNDECLARED_SELECTOR = YES;
				GCC_WARN_UNINITIALIZED_AUTOS = YES_AGGRESSIVE;
				GCC_WARN_UNUSED_FUNCTION = YES;
				GCC_WARN_UNUSED_VARIABLE = YES;
				IPHONEOS_DEPLOYMENT_TARGET = 14.2;
				MTL_ENABLE_DEBUG_INFO = INCLUDE_SOURCE;
				MTL_FAST_MATH = YES;
				ONLY_ACTIVE_ARCH = YES;
				SDKROOT = iphoneos;
				SWIFT_ACTIVE_COMPILATION_CONDITIONS = DEBUG;
				SWIFT_OPTIMIZATION_LEVEL = "-Onone";
			};
			name = Debug;
		};
		F4FE4B112573AB5D00E97C92 /* Release */ = {
			isa = XCBuildConfiguration;
			buildSettings = {
				ALWAYS_SEARCH_USER_PATHS = NO;
				CLANG_ANALYZER_NONNULL = YES;
				CLANG_ANALYZER_NUMBER_OBJECT_CONVERSION = YES_AGGRESSIVE;
				CLANG_CXX_LANGUAGE_STANDARD = "gnu++14";
				CLANG_CXX_LIBRARY = "libc++";
				CLANG_ENABLE_MODULES = YES;
				CLANG_ENABLE_OBJC_ARC = YES;
				CLANG_ENABLE_OBJC_WEAK = YES;
				CLANG_WARN_BLOCK_CAPTURE_AUTORELEASING = YES;
				CLANG_WARN_BOOL_CONVERSION = YES;
				CLANG_WARN_COMMA = YES;
				CLANG_WARN_CONSTANT_CONVERSION = YES;
				CLANG_WARN_DEPRECATED_OBJC_IMPLEMENTATIONS = YES;
				CLANG_WARN_DIRECT_OBJC_ISA_USAGE = YES_ERROR;
				CLANG_WARN_DOCUMENTATION_COMMENTS = YES;
				CLANG_WARN_EMPTY_BODY = YES;
				CLANG_WARN_ENUM_CONVERSION = YES;
				CLANG_WARN_INFINITE_RECURSION = YES;
				CLANG_WARN_INT_CONVERSION = YES;
				CLANG_WARN_NON_LITERAL_NULL_CONVERSION = YES;
				CLANG_WARN_OBJC_IMPLICIT_RETAIN_SELF = YES;
				CLANG_WARN_OBJC_LITERAL_CONVERSION = YES;
				CLANG_WARN_OBJC_ROOT_CLASS = YES_ERROR;
				CLANG_WARN_QUOTED_INCLUDE_IN_FRAMEWORK_HEADER = YES;
				CLANG_WARN_RANGE_LOOP_ANALYSIS = YES;
				CLANG_WARN_STRICT_PROTOTYPES = YES;
				CLANG_WARN_SUSPICIOUS_MOVE = YES;
				CLANG_WARN_UNGUARDED_AVAILABILITY = YES_AGGRESSIVE;
				CLANG_WARN_UNREACHABLE_CODE = YES;
				CLANG_WARN__DUPLICATE_METHOD_MATCH = YES;
				COPY_PHASE_STRIP = NO;
				DEBUG_INFORMATION_FORMAT = "dwarf-with-dsym";
				ENABLE_NS_ASSERTIONS = NO;
				ENABLE_STRICT_OBJC_MSGSEND = YES;
				GCC_C_LANGUAGE_STANDARD = gnu11;
				GCC_NO_COMMON_BLOCKS = YES;
				GCC_WARN_64_TO_32_BIT_CONVERSION = YES;
				GCC_WARN_ABOUT_RETURN_TYPE = YES_ERROR;
				GCC_WARN_UNDECLARED_SELECTOR = YES;
				GCC_WARN_UNINITIALIZED_AUTOS = YES_AGGRESSIVE;
				GCC_WARN_UNUSED_FUNCTION = YES;
				GCC_WARN_UNUSED_VARIABLE = YES;
				IPHONEOS_DEPLOYMENT_TARGET = 14.2;
				MTL_ENABLE_DEBUG_INFO = NO;
				MTL_FAST_MATH = YES;
				SDKROOT = iphoneos;
				SWIFT_COMPILATION_MODE = wholemodule;
				SWIFT_OPTIMIZATION_LEVEL = "-O";
				VALIDATE_PRODUCT = YES;
			};
			name = Release;
		};
		F4FE4B132573AB5D00E97C92 /* Debug */ = {
			isa = XCBuildConfiguration;
			buildSettings = {
				ASSETCATALOG_COMPILER_APPICON_NAME = AppIcon;
				ASSETCATALOG_COMPILER_GLOBAL_ACCENT_COLOR_NAME = AccentColor;
				CODE_SIGN_STYLE = Automatic;
				CURRENT_PROJECT_VERSION = 5;
				DEVELOPMENT_ASSET_PATHS = "\"Guardian Quiz/Preview Content\"";
				DEVELOPMENT_TEAM = VW9QM42U4U;
				ENABLE_PREVIEWS = YES;
				INFOPLIST_FILE = "Guardian Quiz/Info.plist";
				LD_RUNPATH_SEARCH_PATHS = (
					"$(inherited)",
					"@executable_path/Frameworks",
				);
				PRODUCT_BUNDLE_IDENTIFIER = "org.netcetera.Guardian-Quiz";
				PRODUCT_NAME = "$(TARGET_NAME)";
				SWIFT_VERSION = 5.0;
				TARGETED_DEVICE_FAMILY = "1,2";
			};
			name = Debug;
		};
		F4FE4B142573AB5D00E97C92 /* Release */ = {
			isa = XCBuildConfiguration;
			buildSettings = {
				ASSETCATALOG_COMPILER_APPICON_NAME = AppIcon;
				ASSETCATALOG_COMPILER_GLOBAL_ACCENT_COLOR_NAME = AccentColor;
				CODE_SIGN_STYLE = Automatic;
				CURRENT_PROJECT_VERSION = 5;
				DEVELOPMENT_ASSET_PATHS = "\"Guardian Quiz/Preview Content\"";
				DEVELOPMENT_TEAM = VW9QM42U4U;
				ENABLE_PREVIEWS = YES;
				INFOPLIST_FILE = "Guardian Quiz/Info.plist";
				LD_RUNPATH_SEARCH_PATHS = (
					"$(inherited)",
					"@executable_path/Frameworks",
				);
				PRODUCT_BUNDLE_IDENTIFIER = "org.netcetera.Guardian-Quiz";
				PRODUCT_NAME = "$(TARGET_NAME)";
				SWIFT_VERSION = 5.0;
				TARGETED_DEVICE_FAMILY = "1,2";
			};
			name = Release;
		};
		F4FE4B162573AB5D00E97C92 /* Debug */ = {
			isa = XCBuildConfiguration;
			buildSettings = {
				ALWAYS_EMBED_SWIFT_STANDARD_LIBRARIES = YES;
				BUNDLE_LOADER = "$(TEST_HOST)";
				CODE_SIGN_STYLE = Automatic;
				DEVELOPMENT_TEAM = VW9QM42U4U;
				INFOPLIST_FILE = "Guardian QuizTests/Info.plist";
				IPHONEOS_DEPLOYMENT_TARGET = 14.2;
				LD_RUNPATH_SEARCH_PATHS = (
					"$(inherited)",
					"@executable_path/Frameworks",
					"@loader_path/Frameworks",
				);
				PRODUCT_BUNDLE_IDENTIFIER = "org.netcetera.Guardian-QuizTests";
				PRODUCT_NAME = "$(TARGET_NAME)";
				SWIFT_VERSION = 5.0;
				TARGETED_DEVICE_FAMILY = "1,2";
				TEST_HOST = "$(BUILT_PRODUCTS_DIR)/Guardian Quiz.app/Guardian Quiz";
			};
			name = Debug;
		};
		F4FE4B172573AB5D00E97C92 /* Release */ = {
			isa = XCBuildConfiguration;
			buildSettings = {
				ALWAYS_EMBED_SWIFT_STANDARD_LIBRARIES = YES;
				BUNDLE_LOADER = "$(TEST_HOST)";
				CODE_SIGN_STYLE = Automatic;
				DEVELOPMENT_TEAM = VW9QM42U4U;
				INFOPLIST_FILE = "Guardian QuizTests/Info.plist";
				IPHONEOS_DEPLOYMENT_TARGET = 14.2;
				LD_RUNPATH_SEARCH_PATHS = (
					"$(inherited)",
					"@executable_path/Frameworks",
					"@loader_path/Frameworks",
				);
				PRODUCT_BUNDLE_IDENTIFIER = "org.netcetera.Guardian-QuizTests";
				PRODUCT_NAME = "$(TARGET_NAME)";
				SWIFT_VERSION = 5.0;
				TARGETED_DEVICE_FAMILY = "1,2";
				TEST_HOST = "$(BUILT_PRODUCTS_DIR)/Guardian Quiz.app/Guardian Quiz";
			};
			name = Release;
		};
		F4FE4B192573AB5D00E97C92 /* Debug */ = {
			isa = XCBuildConfiguration;
			buildSettings = {
				ALWAYS_EMBED_SWIFT_STANDARD_LIBRARIES = YES;
				CODE_SIGN_STYLE = Automatic;
				DEVELOPMENT_TEAM = VW9QM42U4U;
				INFOPLIST_FILE = "Guardian QuizUITests/Info.plist";
				LD_RUNPATH_SEARCH_PATHS = (
					"$(inherited)",
					"@executable_path/Frameworks",
					"@loader_path/Frameworks",
				);
				PRODUCT_BUNDLE_IDENTIFIER = "org.netcetera.Guardian-QuizUITests";
				PRODUCT_NAME = "$(TARGET_NAME)";
				SWIFT_VERSION = 5.0;
				TARGETED_DEVICE_FAMILY = "1,2";
				TEST_TARGET_NAME = "Guardian Quiz";
			};
			name = Debug;
		};
		F4FE4B1A2573AB5D00E97C92 /* Release */ = {
			isa = XCBuildConfiguration;
			buildSettings = {
				ALWAYS_EMBED_SWIFT_STANDARD_LIBRARIES = YES;
				CODE_SIGN_STYLE = Automatic;
				DEVELOPMENT_TEAM = VW9QM42U4U;
				INFOPLIST_FILE = "Guardian QuizUITests/Info.plist";
				LD_RUNPATH_SEARCH_PATHS = (
					"$(inherited)",
					"@executable_path/Frameworks",
					"@loader_path/Frameworks",
				);
				PRODUCT_BUNDLE_IDENTIFIER = "org.netcetera.Guardian-QuizUITests";
				PRODUCT_NAME = "$(TARGET_NAME)";
				SWIFT_VERSION = 5.0;
				TARGETED_DEVICE_FAMILY = "1,2";
				TEST_TARGET_NAME = "Guardian Quiz";
			};
			name = Release;
		};
/* End XCBuildConfiguration section */

/* Begin XCConfigurationList section */
		F4FE4AE32573AB5C00E97C92 /* Build configuration list for PBXProject "Guardian Quiz" */ = {
			isa = XCConfigurationList;
			buildConfigurations = (
				F4FE4B102573AB5D00E97C92 /* Debug */,
				F4FE4B112573AB5D00E97C92 /* Release */,
			);
			defaultConfigurationIsVisible = 0;
			defaultConfigurationName = Release;
		};
		F4FE4B122573AB5D00E97C92 /* Build configuration list for PBXNativeTarget "Guardian Quiz" */ = {
			isa = XCConfigurationList;
			buildConfigurations = (
				F4FE4B132573AB5D00E97C92 /* Debug */,
				F4FE4B142573AB5D00E97C92 /* Release */,
			);
			defaultConfigurationIsVisible = 0;
			defaultConfigurationName = Release;
		};
		F4FE4B152573AB5D00E97C92 /* Build configuration list for PBXNativeTarget "Guardian QuizTests" */ = {
			isa = XCConfigurationList;
			buildConfigurations = (
				F4FE4B162573AB5D00E97C92 /* Debug */,
				F4FE4B172573AB5D00E97C92 /* Release */,
			);
			defaultConfigurationIsVisible = 0;
			defaultConfigurationName = Release;
		};
		F4FE4B182573AB5D00E97C92 /* Build configuration list for PBXNativeTarget "Guardian QuizUITests" */ = {
			isa = XCConfigurationList;
			buildConfigurations = (
				F4FE4B192573AB5D00E97C92 /* Debug */,
				F4FE4B1A2573AB5D00E97C92 /* Release */,
			);
			defaultConfigurationIsVisible = 0;
			defaultConfigurationName = Release;
		};
/* End XCConfigurationList section */
	};
	rootObject = F4FE4AE02573AB5C00E97C92 /* Project object */;
}
